
Microsoft Visual Studio Solution File, Format Version 12.00
# Visual Studio 15
VisualStudioVersion = 15.0.26430.16
MinimumVisualStudioVersion = 10.0.40219.1
Project("{2150E333-8FDC-42A3-9474-1A3956D46DE8}") = "Solution Items", "Solution Items", "{337225F0-32C3-4786-9CE1-7EC4C6D991B5}"
EndProject
Project("{8BC9CEB8-8B4A-11D0-8D11-00A0C91BC942}") = "HW1_Total-Inversions", "HW1_Total-Inversions\HW1_Total-Inversions.vcxproj", "{88EBF16F-0336-463F-B3EB-78E24C7F1389}"
EndProject
Global
	GlobalSection(SolutionConfigurationPlatforms) = preSolution
		Debug|x64 = Debug|x64
		Debug|x86 = Debug|x86
		Release|x64 = Release|x64
		Release|x86 = Release|x86
	EndGlobalSection
	GlobalSection(ProjectConfigurationPlatforms) = postSolution
		{88EBF16F-0336-463F-B3EB-78E24C7F1389}.Debug|x64.ActiveCfg = Debug|x64
		{88EBF16F-0336-463F-B3EB-78E24C7F1389}.Debug|x64.Build.0 = Debug|x64
		{88EBF16F-0336-463F-B3EB-78E24C7F1389}.Debug|x86.ActiveCfg = Debug|Win32
		{88EBF16F-0336-463F-B3EB-78E24C7F1389}.Debug|x86.Build.0 = Debug|Win32
		{88EBF16F-0336-463F-B3EB-78E24C7F1389}.Release|x64.ActiveCfg = Release|x64
		{88EBF16F-0336-463F-B3EB-78E24C7F1389}.Release|x64.Build.0 = Release|x64
		{88EBF16F-0336-463F-B3EB-78E24C7F1389}.Release|x86.ActiveCfg = Release|Win32
		{88EBF16F-0336-463F-B3EB-78E24C7F1389}.Release|x86.Build.0 = Release|Win32
	EndGlobalSection
	GlobalSection(SolutionProperties) = preSolution
		HideSolutionNode = FALSE
	EndGlobalSection
	GlobalSection(ExtensibilityGlobals) = postSolution
		SolutionGuid = {B4C11053-617E-4CD0-BEA4-DFDAEC463105}
	EndGlobalSection
EndGlobal
